
Microsoft Visual Studio Solution File, Format Version 12.00
# Visual Studio Version 16
VisualStudioVersion = 16.0.30611.23
MinimumVisualStudioVersion = 10.0.40219.1
Project("{FAE04EC0-301F-11D3-BF4B-00C04F79EFBC}") = "part1project", "part1project\part1project.csproj", "{196F3169-C8A5-4F88-9994-47372BC8AF08}"
EndProject
Global
	GlobalSection(SolutionConfigurationPlatforms) = preSolution
		Debug|Any CPU = Debug|Any CPU
		Release|Any CPU = Release|Any CPU
	EndGlobalSection
	GlobalSection(ProjectConfigurationPlatforms) = postSolution
		{196F3169-C8A5-4F88-9994-47372BC8AF08}.Debug|Any CPU.ActiveCfg = Debug|Any CPU
		{196F3169-C8A5-4F88-9994-47372BC8AF08}.Debug|Any CPU.Build.0 = Debug|Any CPU
		{196F3169-C8A5-4F88-9994-47372BC8AF08}.Release|Any CPU.ActiveCfg = Release|Any CPU
		{196F3169-C8A5-4F88-9994-47372BC8AF08}.Release|Any CPU.Build.0 = Release|Any CPU
	EndGlobalSection
	GlobalSection(SolutionProperties) = preSolution
		HideSolutionNode = FALSE
	EndGlobalSection
	GlobalSection(ExtensibilityGlobals) = postSolution
		SolutionGuid = {1FC23078-78AF-4F2B-BFC8-B012202AE010}
	EndGlobalSection
EndGlobal
